<?xml version="1.0" encoding="utf-8"?>
<Project ToolsVersion="4.0" xmlns="http://schemas.microsoft.com/developer/msbuild/2003">
  <ItemGroup>
    <Filter Include="Source Files">
      <UniqueIdentifier>{4FC737F1-C7A5-4376-A066-2A32D752A2FF}</UniqueIdentifier>
      <Extensions>cpp;c;cc;cxx;def;odl;idl;hpj;bat;asm;asmx</Extensions>
    </Filter>
    <Filter Include="Header Files">
      <UniqueIdentifier>{93995380-89BD-4b04-88EB-625FBE52EBFB}</UniqueIdentifier>
      <Extensions>h;hh;hpp;hxx;hm;inl;inc;ipp;xsd</Extensions>
    </Filter>
    <Filter Include="Scripts">
      <UniqueIdentifier>{be0116c5-4ff5-48bf-8af5-64d72ba3722a}</UniqueIdentifier>
    </Filter>
    <Filter Include="Scripts\codemirror-3.01">
      <UniqueIdentifier>{9c7bca72-589f-49a4-958a-45cf262a929c}</UniqueIdentifier>
    </Filter>
    <Filter Include="Scripts\codemirror-3.01\mode">
      <UniqueIdentifier>{daa05549-8835-4e11-a369-8e892e01681e}</UniqueIdentifier>
    </Filter>
    <Filter Include="Content">
      <UniqueIdentifier>{056e2e0a-71c7-454d-a679-c1fcbe2f4755}</UniqueIdentifier>
    </Filter>
    <Filter Include="Content\codemirror-3.01">
      <UniqueIdentifier>{22670162-b93d-4eeb-a8c0-7d2e2941515c}</UniqueIdentifier>
    </Filter>
    <Filter Include="Source Files\Map">
      <UniqueIdentifier>{e5e2ec09-b2d1-4479-bcac-3cd0e3c106e1}</UniqueIdentifier>
    </Filter>
    <Filter Include="Header Files\Map">
      <UniqueIdentifier>{6203daf3-bc6f-4fc7-93d3-f49ed2902d45}</UniqueIdentifier>
    </Filter>
    <Filter Include="Source Files\Renderable">
      <UniqueIdentifier>{986e8746-5ab0-409c-ab53-df7587643dda}</UniqueIdentifier>
    </Filter>
    <Filter Include="Header Files\Renderable">
      <UniqueIdentifier>{deb11b64-08e1-4bba-b901-2bf8c5458c81}</UniqueIdentifier>
    </Filter>
    <Filter Include="Header Files\Struct">
      <UniqueIdentifier>{1a0a8daf-33da-4b0a-af73-771035877dc7}</UniqueIdentifier>
    </Filter>
    <Filter Include="Header Files\Entities">
      <UniqueIdentifier>{a3939f41-e8ff-4aa4-816c-7bc505dd198a}</UniqueIdentifier>
    </Filter>
    <Filter Include="Source Files\Entities">
      <UniqueIdentifier>{967e8869-e551-426d-8278-eda19458c82b}</UniqueIdentifier>
    </Filter>
    <Filter Include="Header Files\Item">
      <UniqueIdentifier>{da139411-cc38-4921-86aa-7c3c98d7651a}</UniqueIdentifier>
    </Filter>
    <Filter Include="Source Files\Item">
      <UniqueIdentifier>{f3b22ca3-b38d-4dd5-9d7d-c71734985891}</UniqueIdentifier>
    </Filter>
  </ItemGroup>
  <ItemGroup>
    <ClCompile Include="Main.cpp">
      <Filter>Source Files</Filter>
    </ClCompile>
    <ClCompile Include="Window.cpp">
      <Filter>Source Files</Filter>
    </ClCompile>
    <ClCompile Include="GameLoop.cpp">
      <Filter>Source Files</Filter>
    </ClCompile>
    <ClCompile Include="Event.cpp">
      <Filter>Source Files</Filter>
    </ClCompile>
    <ClCompile Include="Camera.cpp">
      <Filter>Source Files</Filter>
    </ClCompile>
    <ClCompile Include="Map.cpp">
      <Filter>Source Files\Map</Filter>
    </ClCompile>
    <ClCompile Include="DefaultTile.cpp">
      <Filter>Source Files\Map</Filter>
    </ClCompile>
    <ClCompile Include="Chunk.cpp">
      <Filter>Source Files\Map</Filter>
    </ClCompile>
    <ClCompile Include="Tile.cpp">
      <Filter>Source Files\Map</Filter>
    </ClCompile>
    <ClCompile Include="Rect.cpp">
      <Filter>Source Files\Renderable</Filter>
    </ClCompile>
    <ClCompile Include="Renderable.cpp">
      <Filter>Source Files\Renderable</Filter>
    </ClCompile>
    <ClCompile Include="Circle.cpp">
      <Filter>Source Files\Renderable</Filter>
    </ClCompile>
    <ClCompile Include="LifeForm.cpp">
      <Filter>Source Files\Entities</Filter>
    </ClCompile>
    <ClCompile Include="Entity.cpp">
      <Filter>Source Files\Entities</Filter>
    </ClCompile>
    <ClCompile Include="Character.cpp">
      <Filter>Source Files\Entities</Filter>
    </ClCompile>
    <ClCompile Include="BedRock.cpp">
      <Filter>Source Files\Map</Filter>
    </ClCompile>
    <ClCompile Include="Destination.cpp">
      <Filter>Source Files</Filter>
    </ClCompile>
    <ClCompile Include="Item.cpp">
      <Filter>Source Files\Item</Filter>
    </ClCompile>
    <ClCompile Include="Weapon.cpp">
      <Filter>Source Files\Item</Filter>
    </ClCompile>
    <ClCompile Include="MeleeWeapon.cpp">
      <Filter>Source Files\Item</Filter>
    </ClCompile>
    <ClCompile Include="RangeWeapon.cpp">
      <Filter>Source Files\Item</Filter>
    </ClCompile>
    <ClCompile Include="Projectile.cpp">
      <Filter>Source Files\Item</Filter>
    </ClCompile>
    <ClCompile Include="BasicSword.cpp">
      <Filter>Source Files\Item</Filter>
    </ClCompile>
    <ClCompile Include="BasicArrow.cpp">
      <Filter>Source Files\Item</Filter>
    </ClCompile>
  </ItemGroup>
  <ItemGroup>
    <ClInclude Include="Window.h">
      <Filter>Header Files</Filter>
    </ClInclude>
    <ClInclude Include="GameLoop.h">
      <Filter>Header Files</Filter>
    </ClInclude>
    <ClInclude Include="Event.h">
      <Filter>Header Files</Filter>
    </ClInclude>
    <ClInclude Include="Camera.h">
      <Filter>Header Files</Filter>
    </ClInclude>
    <ClInclude Include="DefaultTile.h">
      <Filter>Header Files\Map</Filter>
    </ClInclude>
    <ClInclude Include="Map.h">
      <Filter>Header Files\Map</Filter>
    </ClInclude>
    <ClInclude Include="Tile.h">
      <Filter>Header Files\Map</Filter>
    </ClInclude>
    <ClInclude Include="Renderable.h">
      <Filter>Header Files\Renderable</Filter>
    </ClInclude>
    <ClInclude Include="Rect.h">
      <Filter>Header Files\Renderable</Filter>
    </ClInclude>
    <ClInclude Include="Circle.h">
      <Filter>Header Files\Renderable</Filter>
    </ClInclude>
    <ClInclude Include="Color.h">
      <Filter>Header Files\Struct</Filter>
    </ClInclude>
    <ClInclude Include="Rectangle.h">
      <Filter>Header Files\Struct</Filter>
    </ClInclude>
    <ClInclude Include="Entity.h">
      <Filter>Header Files\Entities</Filter>
    </ClInclude>
    <ClInclude Include="Character.h">
      <Filter>Header Files\Entities</Filter>
    </ClInclude>
    <ClInclude Include="LifeForm.h">
      <Filter>Header Files\Entities</Filter>
    </ClInclude>
    <ClInclude Include="BedRock.h">
      <Filter>Header Files\Map</Filter>
    </ClInclude>
    <ClInclude Include="Destination.h">
      <Filter>Header Files</Filter>
    </ClInclude>
    <ClInclude Include="Position.h">
      <Filter>Header Files\Struct</Filter>
    </ClInclude>
    <ClInclude Include="Item.h">
      <Filter>Header Files\Item</Filter>
    </ClInclude>
    <ClInclude Include="Weapon.h">
      <Filter>Header Files\Item</Filter>
    </ClInclude>
    <ClInclude Include="MeleeWeapon.h">
      <Filter>Header Files\Item</Filter>
    </ClInclude>
    <ClInclude Include="RangeWeapon.h">
      <Filter>Header Files\Item</Filter>
    </ClInclude>
    <ClInclude Include="Projectile.h">
      <Filter>Header Files\Item</Filter>
    </ClInclude>
    <ClInclude Include="BasicSword.h">
      <Filter>Header Files\Item</Filter>
    </ClInclude>
    <ClInclude Include="Angle.h">
      <Filter>Header Files\Struct</Filter>
    </ClInclude>
    <ClInclude Include="BasicArrow.h">
      <Filter>Header Files\Item</Filter>
    </ClInclude>
    <ClInclude Include="Movement.h">
      <Filter>Header Files\Struct</Filter>
    </ClInclude>
  </ItemGroup>
  <ItemGroup>
    <None Include="Scripts\codemirror-3.01\mode\xml.js">
      <Filter>Scripts\codemirror-3.01\mode</Filter>
    </None>
    <None Include="Scripts\codemirror-3.01\mode\javascript.js">
      <Filter>Scripts\codemirror-3.01\mode</Filter>
    </None>
    <None Include="Scripts\codemirror-3.01\mode\htmlmixed.js">
      <Filter>Scripts\codemirror-3.01\mode</Filter>
    </None>
    <None Include="Scripts\codemirror-3.01\mode\css.js">
      <Filter>Scripts\codemirror-3.01\mode</Filter>
    </None>
    <None Include="Scripts\codemirror-3.01\codemirror.js">
      <Filter>Scripts\codemirror-3.01</Filter>
    </None>
    <None Include="Content\codemirror-3.01\codemirror.css">
      <Filter>Content\codemirror-3.01</Filter>
    </None>
    <None Include="packages.config" />
  </ItemGroup>
</Project>