<?xml version="1.0" encoding="utf-8"?>
<Project ToolsVersion="4.0" xmlns="http://schemas.microsoft.com/developer/msbuild/2003">
  <ItemGroup>
    <Filter Include="Header Files">
      <UniqueIdentifier>{93995380-89BD-4b04-88EB-625FBE52EBFB}</UniqueIdentifier>
      <Extensions>h;hh;hpp;hxx;hm;inl;inc;ipp;xsd</Extensions>
    </Filter>
    <Filter Include="Scripts">
      <UniqueIdentifier>{be0116c5-4ff5-48bf-8af5-64d72ba3722a}</UniqueIdentifier>
    </Filter>
    <Filter Include="Scripts\codemirror-3.01">
      <UniqueIdentifier>{9c7bca72-589f-49a4-958a-45cf262a929c}</UniqueIdentifier>
    </Filter>
    <Filter Include="Scripts\codemirror-3.01\mode">
      <UniqueIdentifier>{daa05549-8835-4e11-a369-8e892e01681e}</UniqueIdentifier>
    </Filter>
    <Filter Include="Content">
      <UniqueIdentifier>{056e2e0a-71c7-454d-a679-c1fcbe2f4755}</UniqueIdentifier>
    </Filter>
    <Filter Include="Content\codemirror-3.01">
      <UniqueIdentifier>{22670162-b93d-4eeb-a8c0-7d2e2941515c}</UniqueIdentifier>
    </Filter>
    <Filter Include="Source Files">
      <UniqueIdentifier>{4FC737F1-C7A5-4376-A066-2A32D752A2FF}</UniqueIdentifier>
      <Extensions>cpp;c;cc;cxx;def;odl;idl;hpj;bat;asm;asmx</Extensions>
    </Filter>
  </ItemGroup>
  <ItemGroup>
    <None Include="Scripts\codemirror-3.01\mode\xml.js">
      <Filter>Scripts\codemirror-3.01\mode</Filter>
    </None>
    <None Include="Scripts\codemirror-3.01\mode\javascript.js">
      <Filter>Scripts\codemirror-3.01\mode</Filter>
    </None>
    <None Include="Scripts\codemirror-3.01\mode\htmlmixed.js">
      <Filter>Scripts\codemirror-3.01\mode</Filter>
    </None>
    <None Include="Scripts\codemirror-3.01\mode\css.js">
      <Filter>Scripts\codemirror-3.01\mode</Filter>
    </None>
    <None Include="Scripts\codemirror-3.01\codemirror.js">
      <Filter>Scripts\codemirror-3.01</Filter>
    </None>
    <None Include="Content\codemirror-3.01\codemirror.css">
      <Filter>Content\codemirror-3.01</Filter>
    </None>
    <None Include="packages.config" />
  </ItemGroup>
  <ItemGroup>
    <ClCompile Include="src\Camera.cpp">
      <Filter>Source Files</Filter>
    </ClCompile>
    <ClCompile Include="src\Clock.cpp">
      <Filter>Source Files</Filter>
    </ClCompile>
    <ClCompile Include="src\Command\Attack.cpp">
      <Filter>Source Files</Filter>
    </ClCompile>
    <ClCompile Include="src\Command\Command.cpp">
      <Filter>Source Files</Filter>
    </ClCompile>
    <ClCompile Include="src\Command\CommandError\CommandError.cpp">
      <Filter>Source Files</Filter>
    </ClCompile>
    <ClCompile Include="src\Command\CommandError\InvalidNumArgs.cpp">
      <Filter>Source Files</Filter>
    </ClCompile>
    <ClCompile Include="src\Command\CommandList.cpp">
      <Filter>Source Files</Filter>
    </ClCompile>
    <ClCompile Include="src\Command\Move.cpp">
      <Filter>Source Files</Filter>
    </ClCompile>
    <ClCompile Include="src\Command\OpenConsole.cpp">
      <Filter>Source Files</Filter>
    </ClCompile>
    <ClCompile Include="src\Command\Quit.cpp">
      <Filter>Source Files</Filter>
    </ClCompile>
    <ClCompile Include="src\Command\Stop.cpp">
      <Filter>Source Files</Filter>
    </ClCompile>
    <ClCompile Include="src\Destination.cpp">
      <Filter>Source Files</Filter>
    </ClCompile>
    <ClCompile Include="src\Entities\Character.cpp">
      <Filter>Source Files</Filter>
    </ClCompile>
    <ClCompile Include="src\Entities\Entity.cpp">
      <Filter>Source Files</Filter>
    </ClCompile>
    <ClCompile Include="src\Entities\LifeForm.cpp">
      <Filter>Source Files</Filter>
    </ClCompile>
    <ClCompile Include="src\Entities\LifeFormList.cpp">
      <Filter>Source Files</Filter>
    </ClCompile>
    <ClCompile Include="src\Event.cpp">
      <Filter>Source Files</Filter>
    </ClCompile>
    <ClCompile Include="src\EventHandler\ConsoleEventHandler.cpp">
      <Filter>Source Files</Filter>
    </ClCompile>
    <ClCompile Include="src\EventHandler\EventHandler.cpp">
      <Filter>Source Files</Filter>
    </ClCompile>
    <ClCompile Include="src\EventHandler\GameEventHandler.cpp">
      <Filter>Source Files</Filter>
    </ClCompile>
    <ClCompile Include="src\GameLoop.cpp">
      <Filter>Source Files</Filter>
    </ClCompile>
    <ClCompile Include="src\Item\Item.cpp">
      <Filter>Source Files</Filter>
    </ClCompile>
    <ClCompile Include="src\Item\Weapon\BasicArrow.cpp">
      <Filter>Source Files</Filter>
    </ClCompile>
    <ClCompile Include="src\Item\Weapon\Projectile.cpp">
      <Filter>Source Files</Filter>
    </ClCompile>
    <ClCompile Include="src\Item\Weapon\Weapon.cpp">
      <Filter>Source Files</Filter>
    </ClCompile>
    <ClCompile Include="src\Item\Weapon\WeaponAttack.cpp">
      <Filter>Source Files</Filter>
    </ClCompile>
    <ClCompile Include="src\Main.cpp">
      <Filter>Source Files</Filter>
    </ClCompile>
    <ClCompile Include="src\Map\BedRock.cpp">
      <Filter>Source Files</Filter>
    </ClCompile>
    <ClCompile Include="src\Map\Chunk.cpp">
      <Filter>Source Files</Filter>
    </ClCompile>
    <ClCompile Include="src\Map\DefaultTile.cpp">
      <Filter>Source Files</Filter>
    </ClCompile>
    <ClCompile Include="src\Map\ErrorTile.cpp">
      <Filter>Source Files</Filter>
    </ClCompile>
    <ClCompile Include="src\Map\Map.cpp">
      <Filter>Source Files</Filter>
    </ClCompile>
    <ClCompile Include="src\Map\Tile.cpp">
      <Filter>Source Files</Filter>
    </ClCompile>
    <ClCompile Include="src\Renderable\Circle.cpp">
      <Filter>Source Files</Filter>
    </ClCompile>
    <ClCompile Include="src\Renderable\Console.cpp">
      <Filter>Source Files</Filter>
    </ClCompile>
    <ClCompile Include="src\Renderable\GraphicRect.cpp">
      <Filter>Source Files</Filter>
    </ClCompile>
    <ClCompile Include="src\Renderable\Renderable.cpp">
      <Filter>Source Files</Filter>
    </ClCompile>
    <ClCompile Include="src\Renderable\UI\Button.cpp">
      <Filter>Source Files</Filter>
    </ClCompile>
    <ClCompile Include="src\Renderable\UI\Font.cpp">
      <Filter>Source Files</Filter>
    </ClCompile>
    <ClCompile Include="src\Renderable\UI\InputBar.cpp">
      <Filter>Source Files</Filter>
    </ClCompile>
    <ClCompile Include="src\Renderable\UI\Text.cpp">
      <Filter>Source Files</Filter>
    </ClCompile>
    <ClCompile Include="src\Renderable\UI\TextArea.cpp">
      <Filter>Source Files</Filter>
    </ClCompile>
    <ClCompile Include="src\Renderable\UI\TextOnRect.cpp">
      <Filter>Source Files</Filter>
    </ClCompile>
    <ClCompile Include="src\StatusEffect\StatusEffect.cpp">
      <Filter>Source Files</Filter>
    </ClCompile>
    <ClCompile Include="src\StatusEffect\TempStatusEffect.cpp">
      <Filter>Source Files</Filter>
    </ClCompile>
    <ClCompile Include="src\Window.cpp">
      <Filter>Source Files</Filter>
    </ClCompile>
  </ItemGroup>
  <ItemGroup>
    <ClInclude Include="header\Attributes.h">
      <Filter>Header Files</Filter>
    </ClInclude>
    <ClInclude Include="header\Camera.h">
      <Filter>Header Files</Filter>
    </ClInclude>
    <ClInclude Include="header\Command\Attack.h">
      <Filter>Header Files</Filter>
    </ClInclude>
    <ClInclude Include="header\Command\Command.h">
      <Filter>Header Files</Filter>
    </ClInclude>
    <ClInclude Include="header\Command\CommandError\CommandError.h">
      <Filter>Header Files</Filter>
    </ClInclude>
    <ClInclude Include="header\Command\CommandError\InvalidNumArgs.h">
      <Filter>Header Files</Filter>
    </ClInclude>
    <ClInclude Include="header\Command\CommandList.h">
      <Filter>Header Files</Filter>
    </ClInclude>
    <ClInclude Include="header\Command\Move.h">
      <Filter>Header Files</Filter>
    </ClInclude>
    <ClInclude Include="header\Command\OpenConsole.h">
      <Filter>Header Files</Filter>
    </ClInclude>
    <ClInclude Include="header\Command\Quit.h">
      <Filter>Header Files</Filter>
    </ClInclude>
    <ClInclude Include="header\Command\Stop.h">
      <Filter>Header Files</Filter>
    </ClInclude>
    <ClInclude Include="header\Destination.h">
      <Filter>Header Files</Filter>
    </ClInclude>
    <ClInclude Include="header\Entities\Character.h">
      <Filter>Header Files</Filter>
    </ClInclude>
    <ClInclude Include="header\Entities\Entity.h">
      <Filter>Header Files</Filter>
    </ClInclude>
    <ClInclude Include="header\Entities\LifeForm.h">
      <Filter>Header Files</Filter>
    </ClInclude>
    <ClInclude Include="header\Entities\LifeFormList.h">
      <Filter>Header Files</Filter>
    </ClInclude>
    <ClInclude Include="header\Event.h">
      <Filter>Header Files</Filter>
    </ClInclude>
    <ClInclude Include="header\EventHandler\ConsoleEventHandler.h">
      <Filter>Header Files</Filter>
    </ClInclude>
    <ClInclude Include="header\EventHandler\EventHandler.h">
      <Filter>Header Files</Filter>
    </ClInclude>
    <ClInclude Include="header\EventHandler\GameEventHandler.h">
      <Filter>Header Files</Filter>
    </ClInclude>
    <ClInclude Include="header\GameLoop.h">
      <Filter>Header Files</Filter>
    </ClInclude>
    <ClInclude Include="header\Item\Item.h">
      <Filter>Header Files</Filter>
    </ClInclude>
    <ClInclude Include="header\Item\Weapon\BasicArrow.h">
      <Filter>Header Files</Filter>
    </ClInclude>
    <ClInclude Include="header\Item\Weapon\Projectile.h">
      <Filter>Header Files</Filter>
    </ClInclude>
    <ClInclude Include="header\Item\Weapon\Weapon.h">
      <Filter>Header Files</Filter>
    </ClInclude>
    <ClInclude Include="header\Item\Weapon\WeaponAttack.h">
      <Filter>Header Files</Filter>
    </ClInclude>
    <ClInclude Include="header\Map\BedRock.h">
      <Filter>Header Files</Filter>
    </ClInclude>
    <ClInclude Include="header\Map\DefaultTile.h">
      <Filter>Header Files</Filter>
    </ClInclude>
    <ClInclude Include="header\Map\ErrorTile.h">
      <Filter>Header Files</Filter>
    </ClInclude>
    <ClInclude Include="header\Map\Map.h">
      <Filter>Header Files</Filter>
    </ClInclude>
    <ClInclude Include="header\Map\Tile.h">
      <Filter>Header Files</Filter>
    </ClInclude>
    <ClInclude Include="header\Renderable\Circle.h">
      <Filter>Header Files</Filter>
    </ClInclude>
    <ClInclude Include="header\Renderable\GraphicRect.h">
      <Filter>Header Files</Filter>
    </ClInclude>
    <ClInclude Include="header\Renderable\Renderable.h">
      <Filter>Header Files</Filter>
    </ClInclude>
    <ClInclude Include="header\Renderable\TextInput.h">
      <Filter>Header Files</Filter>
    </ClInclude>
    <ClInclude Include="header\Renderable\UI\Button.h">
      <Filter>Header Files</Filter>
    </ClInclude>
    <ClInclude Include="header\Renderable\UI\Console.h">
      <Filter>Header Files</Filter>
    </ClInclude>
    <ClInclude Include="header\Renderable\UI\Font.h">
      <Filter>Header Files</Filter>
    </ClInclude>
    <ClInclude Include="header\Renderable\UI\InputBar.h">
      <Filter>Header Files</Filter>
    </ClInclude>
    <ClInclude Include="header\Renderable\UI\Text.h">
      <Filter>Header Files</Filter>
    </ClInclude>
    <ClInclude Include="header\Renderable\UI\TextArea.h">
      <Filter>Header Files</Filter>
    </ClInclude>
    <ClInclude Include="header\Renderable\UI\TextOnRect.h">
      <Filter>Header Files</Filter>
    </ClInclude>
    <ClInclude Include="header\StatusEffect\StatusEffect.h">
      <Filter>Header Files</Filter>
    </ClInclude>
    <ClInclude Include="header\StatusEffect\TempStatusEffect.h">
      <Filter>Header Files</Filter>
    </ClInclude>
    <ClInclude Include="header\Struct\AdvancedMovement.h">
      <Filter>Header Files</Filter>
    </ClInclude>
    <ClInclude Include="header\Struct\Angle.h">
      <Filter>Header Files</Filter>
    </ClInclude>
    <ClInclude Include="header\Struct\Clock.h">
      <Filter>Header Files</Filter>
    </ClInclude>
    <ClInclude Include="header\Struct\Color.h">
      <Filter>Header Files</Filter>
    </ClInclude>
    <ClInclude Include="header\Struct\Damage.h">
      <Filter>Header Files</Filter>
    </ClInclude>
    <ClInclude Include="header\Struct\Key.h">
      <Filter>Header Files</Filter>
    </ClInclude>
    <ClInclude Include="header\Struct\Movement.h">
      <Filter>Header Files</Filter>
    </ClInclude>
    <ClInclude Include="header\Struct\Position.h">
      <Filter>Header Files</Filter>
    </ClInclude>
    <ClInclude Include="header\Struct\Rectangle.h">
      <Filter>Header Files</Filter>
    </ClInclude>
    <ClInclude Include="header\Struct\Sight.h">
      <Filter>Header Files</Filter>
    </ClInclude>
    <ClInclude Include="header\Struct\StringSplit.h">
      <Filter>Header Files</Filter>
    </ClInclude>
    <ClInclude Include="header\Struct\StringTo.h">
      <Filter>Header Files</Filter>
    </ClInclude>
    <ClInclude Include="header\Struct\TextToCommand.h">
      <Filter>Header Files</Filter>
    </ClInclude>
    <ClInclude Include="header\Window.h">
      <Filter>Header Files</Filter>
    </ClInclude>
  </ItemGroup>
</Project>